
Microsoft Visual Studio Solution File, Format Version 12.00
# Visual Studio Version 16
VisualStudioVersion = 16.0.30225.117
MinimumVisualStudioVersion = 10.0.40219.1
Project("{FAE04EC0-301F-11D3-BF4B-00C04F79EFBC}") = "MultiPageDb", "MultiPageDb\MultiPageDb.csproj", "{D9E5E46C-17DB-48ED-AD59-FBEBDF191875}"
EndProject
Global
	GlobalSection(SolutionConfigurationPlatforms) = preSolution
		Debug|Any CPU = Debug|Any CPU
		Release|Any CPU = Release|Any CPU
	EndGlobalSection
	GlobalSection(ProjectConfigurationPlatforms) = postSolution
		{D9E5E46C-17DB-48ED-AD59-FBEBDF191875}.Debug|Any CPU.ActiveCfg = Debug|Any CPU
		{D9E5E46C-17DB-48ED-AD59-FBEBDF191875}.Debug|Any CPU.Build.0 = Debug|Any CPU
		{D9E5E46C-17DB-48ED-AD59-FBEBDF191875}.Release|Any CPU.ActiveCfg = Release|Any CPU
		{D9E5E46C-17DB-48ED-AD59-FBEBDF191875}.Release|Any CPU.Build.0 = Release|Any CPU
	EndGlobalSection
	GlobalSection(SolutionProperties) = preSolution
		HideSolutionNode = FALSE
	EndGlobalSection
	GlobalSection(ExtensibilityGlobals) = postSolution
		SolutionGuid = {9B9491F1-FF49-4519-A092-96C2CEF41965}
	EndGlobalSection
EndGlobal
